{
  "name": "frontend",
  "lockfileVersion": 3,
  "requires": true,
  "packages": {
    "": {
      "dependencies": {
        "froala-editor": "^4.1.4",
        "tinymce": "^6.8.3"
      }
    },
    "node_modules/froala-editor": {
      "version": "4.1.4",
      "resolved": "https://registry.npmjs.org/froala-editor/-/froala-editor-4.1.4.tgz",
      "integrity": "sha512-oWF8SZNtLvfweURV5T0WYO69ZQpB1LQiGO2e6zoYRAlOwmqlW5yqLWfGi0tfn99qOgZ/4dxqBBDxqfOsRCQFiA=="
    },
    "node_modules/tinymce": {
      "version": "6.8.3",
      "resolved": "https://registry.npmjs.org/tinymce/-/tinymce-6.8.3.tgz",
      "integrity": "sha512-3fCHKAeqT+xNwBVESf6iDbDV0VNwZNmfrkx9c/6Gz5iB8piMfaO6s7FvoiTrj1hf1gVbfyLTnz1DooI6DhgINQ=="
    }
  }
}
